PODS:
  - Flutter (1.0.0)
  - flutter_avro (0.0.1):
    - Flutter
    - SwiftAvroCore (= 0.1.0)
  - integration_test (0.0.1):
    - Flutter
  - Runtime (2.2.7)
  - SwiftAvroCore (0.1.0):
    - Runtime (= 2.2.7)

DEPENDENCIES:
  - Flutter (from `Flutter`)
  - flutter_avro (from `.symlinks/plugins/flutter_avro/ios`)
  - integration_test (from `.symlinks/plugins/integration_test/ios`)

SPEC REPOS:
  trunk:
    - Runtime
    - SwiftAvroCore

EXTERNAL SOURCES:
  Flutter:
    :path: Flutter
  flutter_avro:
    :path: ".symlinks/plugins/flutter_avro/ios"
  integration_test:
    :path: ".symlinks/plugins/integration_test/ios"

SPEC CHECKSUMS:
  Flutter: e0871f40cf51350855a761d2e70bf5af5b9b5de7
  flutter_avro: 60bb1e9f2b1579205389e8c3f505d31b5d9a7661
  integration_test: 252f60fa39af5e17c3aa9899d35d908a0721b573
  Runtime: b31390b08874d04349c05719e264f9837cc66b7b
  SwiftAvroCore: f7c58b6fc58eb4c5fd94176c39e043ef54eb7391

PODFILE CHECKSUM: 76187ea551073f9b0e3e7826cd67653d4f58c6a9

COCOAPODS: 1.15.2
